
Microsoft Visual Studio Solution File, Format Version 12.00
# Visual Studio Version 17
VisualStudioVersion = 17.3.32804.467
MinimumVisualStudioVersion = 10.0.40219.1
Project("{FAE04EC0-301F-11D3-BF4B-00C04F79EFBC}") = "Djoni", "Djoni.csproj", "{CF1D3231-DD2C-44FC-9497-12BC64A6A9F0}"
EndProject
Global
	GlobalSection(SolutionConfigurationPlatforms) = preSolution
		Debug|Any CPU = Debug|Any CPU
		Release|Any CPU = Release|Any CPU
	EndGlobalSection
	GlobalSection(ProjectConfigurationPlatforms) = postSolution
		{CF1D3231-DD2C-44FC-9497-12BC64A6A9F0}.Debug|Any CPU.ActiveCfg = Debug|Any CPU
		{CF1D3231-DD2C-44FC-9497-12BC64A6A9F0}.Debug|Any CPU.Build.0 = Debug|Any CPU
		{CF1D3231-DD2C-44FC-9497-12BC64A6A9F0}.Release|Any CPU.ActiveCfg = Release|Any CPU
		{CF1D3231-DD2C-44FC-9497-12BC64A6A9F0}.Release|Any CPU.Build.0 = Release|Any CPU
	EndGlobalSection
	GlobalSection(SolutionProperties) = preSolution
		HideSolutionNode = FALSE
	EndGlobalSection
	GlobalSection(ExtensibilityGlobals) = postSolution
		SolutionGuid = {65442EA3-B945-44A7-AD29-2000E7542409}
	EndGlobalSection
EndGlobal
